{
	"name": "image-resize",
	"version": "1.0.0",
	"lockfileVersion": 2,
	"requires": true,
	"packages": {
		"": {
			"name": "image-resize",
			"version": "1.0.0",
			"license": "ISC",
			"peerDependencies": {
				"exifreader": "^4.5.0",
				"heic2any": "^0.0.3"
			}
		},
		"node_modules/@xmldom/xmldom": {
			"version": "0.7.5",
			"resolved": "https://registry.npmjs.org/@xmldom/xmldom/-/xmldom-0.7.5.tgz",
			"integrity": "sha512-V3BIhmY36fXZ1OtVcI9W+FxQqxVLsPKcNjWigIaa81dLC9IolJl5Mt4Cvhmr0flUnjSpTdrbMTSbXqYqV5dT6A==",
			"optional": true,
			"peer": true,
			"engines": {
				"node": ">=10.0.0"
			}
		},
		"node_modules/exifreader": {
			"version": "4.5.0",
			"resolved": "https://registry.npmjs.org/exifreader/-/exifreader-4.5.0.tgz",
			"integrity": "sha512-CUkDKjA+hNV6+bx5skPPdjeyPV28LZtqrd/7Sli1j2Y/QTZC7PQc+h2j5TeIo5zYbYhwzEN6chgeTdWLY33cUg==",
			"hasInstallScript": true,
			"peer": true,
			"optionalDependencies": {
				"@xmldom/xmldom": "^0.7.5"
			}
		},
		"node_modules/heic2any": {
			"version": "0.0.3",
			"resolved": "https://registry.npmjs.org/heic2any/-/heic2any-0.0.3.tgz",
			"integrity": "sha512-1KG0LzZuIPiqyJjwLgGlgrgWd3UBwUE9g5+tOuHy8PbeH2hF0U4gc4ZWT4ChlCmcdISr1xVRimSehsTOPdRXnQ==",
			"peer": true
		}
	},
	"dependencies": {
		"@xmldom/xmldom": {
			"version": "0.7.5",
			"resolved": "https://registry.npmjs.org/@xmldom/xmldom/-/xmldom-0.7.5.tgz",
			"integrity": "sha512-V3BIhmY36fXZ1OtVcI9W+FxQqxVLsPKcNjWigIaa81dLC9IolJl5Mt4Cvhmr0flUnjSpTdrbMTSbXqYqV5dT6A==",
			"optional": true,
			"peer": true
		},
		"exifreader": {
			"version": "4.5.0",
			"resolved": "https://registry.npmjs.org/exifreader/-/exifreader-4.5.0.tgz",
			"integrity": "sha512-CUkDKjA+hNV6+bx5skPPdjeyPV28LZtqrd/7Sli1j2Y/QTZC7PQc+h2j5TeIo5zYbYhwzEN6chgeTdWLY33cUg==",
			"peer": true,
			"requires": {
				"@xmldom/xmldom": "^0.7.5"
			}
		},
		"heic2any": {
			"version": "0.0.3",
			"resolved": "https://registry.npmjs.org/heic2any/-/heic2any-0.0.3.tgz",
			"integrity": "sha512-1KG0LzZuIPiqyJjwLgGlgrgWd3UBwUE9g5+tOuHy8PbeH2hF0U4gc4ZWT4ChlCmcdISr1xVRimSehsTOPdRXnQ==",
			"peer": true
		}
	}
}
